// !$*UTF8*$!
{
	archiveVersion = 1;
	classes = {
	};
	objectVersion = 46;
	objects = {

/* Begin PBXBuildFile section */
		1BEDD8374E8387BD2A322A17 /* libPods-HalfModalContainerController.a in Frameworks */ = {isa = PBXBuildFile; fileRef = B8BA4FCB54B1E7466BCCB4FA /* libPods-HalfModalContainerController.a */; };
		58BDDC821BFC8AB00033E937 /* main.m in Sources */ = {isa = PBXBuildFile; fileRef = 58BDDC811BFC8AB00033E937 /* main.m */; };
		58BDDC851BFC8AB00033E937 /* AppDelegate.m in Sources */ = {isa = PBXBuildFile; fileRef = 58BDDC841BFC8AB00033E937 /* AppDelegate.m */; };
		58BDDC881BFC8AB00033E937 /* ViewController.m in Sources */ = {isa = PBXBuildFile; fileRef = 58BDDC871BFC8AB00033E937 /* ViewController.m */; };
		58BDDC8B1BFC8AB00033E937 /* Main.storyboard in Resources */ = {isa = PBXBuildFile; fileRef = 58BDDC891BFC8AB00033E937 /* Main.storyboard */; };
		58BDDC8D1BFC8AB00033E937 /* Assets.xcassets in Resources */ = {isa = PBXBuildFile; fileRef = 58BDDC8C1BFC8AB00033E937 /* Assets.xcassets */; };
		58BDDC901BFC8AB00033E937 /* LaunchScreen.storyboard in Resources */ = {isa = PBXBuildFile; fileRef = 58BDDC8E1BFC8AB00033E937 /* LaunchScreen.storyboard */; };
		58BDDC991BFC8AB90033E937 /* HalfModalContainerController.m in Sources */ = {isa = PBXBuildFile; fileRef = 58BDDC981BFC8AB90033E937 /* HalfModalContainerController.m */; };
		58BDDC9F1BFC8D2F0033E937 /* HalfModalPresentationController.m in Sources */ = {isa = PBXBuildFile; fileRef = 58BDDC9E1BFC8D2F0033E937 /* HalfModalPresentationController.m */; };
		58BDDCA21BFC8D6B0033E937 /* HalfModalPresentationAnimator.m in Sources */ = {isa = PBXBuildFile; fileRef = 58BDDCA11BFC8D6B0033E937 /* HalfModalPresentationAnimator.m */; };
/* End PBXBuildFile section */

/* Begin PBXFileReference section */
		24718DCCEA47E459199E7178 /* Pods-HalfModalContainerController.release.xcconfig */ = {isa = PBXFileReference; includeInIndex = 1; lastKnownFileType = text.xcconfig; name = "Pods-HalfModalContainerController.release.xcconfig"; path = "Pods/Target Support Files/Pods-HalfModalContainerController/Pods-HalfModalContainerController.release.xcconfig"; sourceTree = "<group>"; };
		58BDDC7D1BFC8AB00033E937 /* HalfModalContainerController.app */ = {isa = PBXFileReference; explicitFileType = wrapper.application; includeInIndex = 0; path = HalfModalContainerController.app; sourceTree = BUILT_PRODUCTS_DIR; };
		58BDDC811BFC8AB00033E937 /* main.m */ = {isa = PBXFileReference; lastKnownFileType = sourcecode.c.objc; path = main.m; sourceTree = "<group>"; };
		58BDDC831BFC8AB00033E937 /* AppDelegate.h */ = {isa = PBXFileReference; lastKnownFileType = sourcecode.c.h; path = AppDelegate.h; sourceTree = "<group>"; };
		58BDDC841BFC8AB00033E937 /* AppDelegate.m */ = {isa = PBXFileReference; lastKnownFileType = sourcecode.c.objc; path = AppDelegate.m; sourceTree = "<group>"; };
		58BDDC861BFC8AB00033E937 /* ViewController.h */ = {isa = PBXFileReference; lastKnownFileType = sourcecode.c.h; path = ViewController.h; sourceTree = "<group>"; };
		58BDDC871BFC8AB00033E937 /* ViewController.m */ = {isa = PBXFileReference; lastKnownFileType = sourcecode.c.objc; path = ViewController.m; sourceTree = "<group>"; };
		58BDDC8A1BFC8AB00033E937 /* Base */ = {isa = PBXFileReference; lastKnownFileType = file.storyboard; name = Base; path = Base.lproj/Main.storyboard; sourceTree = "<group>"; };
		58BDDC8C1BFC8AB00033E937 /* Assets.xcassets */ = {isa = PBXFileReference; lastKnownFileType = folder.assetcatalog; path = Assets.xcassets; sourceTree = "<group>"; };
		58BDDC8F1BFC8AB00033E937 /* Base */ = {isa = PBXFileReference; lastKnownFileType = file.storyboard; name = Base; path = Base.lproj/LaunchScreen.storyboard; sourceTree = "<group>"; };
		58BDDC911BFC8AB00033E937 /* Info.plist */ = {isa = PBXFileReference; lastKnownFileType = text.plist.xml; path = Info.plist; sourceTree = "<group>"; };
		58BDDC971BFC8AB90033E937 /* HalfModalContainerController.h */ = {isa = PBXFileReference; fileEncoding = 4; lastKnownFileType = sourcecode.c.h; path = HalfModalContainerController.h; sourceTree = "<group>"; };
		58BDDC981BFC8AB90033E937 /* HalfModalContainerController.m */ = {isa = PBXFileReference; fileEncoding = 4; lastKnownFileType = sourcecode.c.objc; path = HalfModalContainerController.m; sourceTree = "<group>"; };
		58BDDC9D1BFC8D2F0033E937 /* HalfModalPresentationController.h */ = {isa = PBXFileReference; fileEncoding = 4; lastKnownFileType = sourcecode.c.h; path = HalfModalPresentationController.h; sourceTree = "<group>"; };
		58BDDC9E1BFC8D2F0033E937 /* HalfModalPresentationController.m */ = {isa = PBXFileReference; fileEncoding = 4; lastKnownFileType = sourcecode.c.objc; path = HalfModalPresentationController.m; sourceTree = "<group>"; };
		58BDDCA01BFC8D6B0033E937 /* HalfModalPresentationAnimator.h */ = {isa = PBXFileReference; fileEncoding = 4; lastKnownFileType = sourcecode.c.h; path = HalfModalPresentationAnimator.h; sourceTree = "<group>"; };
		58BDDCA11BFC8D6B0033E937 /* HalfModalPresentationAnimator.m */ = {isa = PBXFileReference; fileEncoding = 4; lastKnownFileType = sourcecode.c.objc; path = HalfModalPresentationAnimator.m; sourceTree = "<group>"; };
		B8BA4FCB54B1E7466BCCB4FA /* libPods-HalfModalContainerController.a */ = {isa = PBXFileReference; explicitFileType = archive.ar; includeInIndex = 0; path = "libPods-HalfModalContainerController.a"; sourceTree = BUILT_PRODUCTS_DIR; };
		FAA54D9402587148FFBC3C8F /* Pods-HalfModalContainerController.debug.xcconfig */ = {isa = PBXFileReference; includeInIndex = 1; lastKnownFileType = text.xcconfig; name = "Pods-HalfModalContainerController.debug.xcconfig"; path = "Pods/Target Support Files/Pods-HalfModalContainerController/Pods-HalfModalContainerController.debug.xcconfig"; sourceTree = "<group>"; };
/* End PBXFileReference section */

/* Begin PBXFrameworksBuildPhase section */
		58BDDC7A1BFC8AB00033E937 /* Frameworks */ = {
			isa = PBXFrameworksBuildPhase;
			buildActionMask = 2147483647;
			files = (
				1BEDD8374E8387BD2A322A17 /* libPods-HalfModalContainerController.a in Frameworks */,
			);
			runOnlyForDeploymentPostprocessing = 0;
		};
/* End PBXFrameworksBuildPhase section */

/* Begin PBXGroup section */
		3CE123EA767ED375AA970917 /* Frameworks */ = {
			isa = PBXGroup;
			children = (
				B8BA4FCB54B1E7466BCCB4FA /* libPods-HalfModalContainerController.a */,
			);
			name = Frameworks;
			sourceTree = "<group>";
		};
		58BDDC741BFC8AB00033E937 = {
			isa = PBXGroup;
			children = (
				58BDDC7F1BFC8AB00033E937 /* HalfModalContainerController */,
				58BDDC7E1BFC8AB00033E937 /* Products */,
				ABA5C1CEAD285B31E1EC2E6E /* Pods */,
				3CE123EA767ED375AA970917 /* Frameworks */,
			);
			sourceTree = "<group>";
		};
		58BDDC7E1BFC8AB00033E937 /* Products */ = {
			isa = PBXGroup;
			children = (
				58BDDC7D1BFC8AB00033E937 /* HalfModalContainerController.app */,
			);
			name = Products;
			sourceTree = "<group>";
		};
		58BDDC7F1BFC8AB00033E937 /* HalfModalContainerController */ = {
			isa = PBXGroup;
			children = (
				58BDDC831BFC8AB00033E937 /* AppDelegate.h */,
				58BDDC841BFC8AB00033E937 /* AppDelegate.m */,
				58BDDC861BFC8AB00033E937 /* ViewController.h */,
				58BDDC871BFC8AB00033E937 /* ViewController.m */,
				58BDDC971BFC8AB90033E937 /* HalfModalContainerController.h */,
				58BDDC981BFC8AB90033E937 /* HalfModalContainerController.m */,
				58BDDCA01BFC8D6B0033E937 /* HalfModalPresentationAnimator.h */,
				58BDDCA11BFC8D6B0033E937 /* HalfModalPresentationAnimator.m */,
				58BDDC9D1BFC8D2F0033E937 /* HalfModalPresentationController.h */,
				58BDDC9E1BFC8D2F0033E937 /* HalfModalPresentationController.m */,
				58BDDC891BFC8AB00033E937 /* Main.storyboard */,
				58BDDC8C1BFC8AB00033E937 /* Assets.xcassets */,
				58BDDC8E1BFC8AB00033E937 /* LaunchScreen.storyboard */,
				58BDDC911BFC8AB00033E937 /* Info.plist */,
				58BDDC801BFC8AB00033E937 /* Supporting Files */,
			);
			path = HalfModalContainerController;
			sourceTree = "<group>";
		};
		58BDDC801BFC8AB00033E937 /* Supporting Files */ = {
			isa = PBXGroup;
			children = (
				58BDDC811BFC8AB00033E937 /* main.m */,
			);
			name = "Supporting Files";
			sourceTree = "<group>";
		};
		ABA5C1CEAD285B31E1EC2E6E /* Pods */ = {
			isa = PBXGroup;
			children = (
				FAA54D9402587148FFBC3C8F /* Pods-HalfModalContainerController.debug.xcconfig */,
				24718DCCEA47E459199E7178 /* Pods-HalfModalContainerController.release.xcconfig */,
			);
			name = Pods;
			sourceTree = "<group>";
		};
/* End PBXGroup section */

/* Begin PBXNativeTarget section */
		58BDDC7C1BFC8AB00033E937 /* HalfModalContainerController */ = {
			isa = PBXNativeTarget;
			buildConfigurationList = 58BDDC941BFC8AB00033E937 /* Build configuration list for PBXNativeTarget "HalfModalContainerController" */;
			buildPhases = (
				9287AEC6F094956383E57984 /* Check Pods Manifest.lock */,
				58BDDC791BFC8AB00033E937 /* Sources */,
				58BDDC7A1BFC8AB00033E937 /* Frameworks */,
				58BDDC7B1BFC8AB00033E937 /* Resources */,
				E871E54FEB6C0A0BD2F32FFF /* Embed Pods Frameworks */,
				1CEE148050F26F82877EB822 /* Copy Pods Resources */,
			);
			buildRules = (
			);
			dependencies = (
			);
			name = HalfModalContainerController;
			productName = HalfModalContainerController;
			productReference = 58BDDC7D1BFC8AB00033E937 /* HalfModalContainerController.app */;
			productType = "com.apple.product-type.application";
		};
/* End PBXNativeTarget section */

/* Begin PBXProject section */
		58BDDC751BFC8AB00033E937 /* Project object */ = {
			isa = PBXProject;
			attributes = {
				LastUpgradeCheck = 0710;
				ORGANIZATIONNAME = pronebird;
				TargetAttributes = {
					58BDDC7C1BFC8AB00033E937 = {
						CreatedOnToolsVersion = 7.1.1;
						DevelopmentTeam = PR2A98QJ89;
					};
				};
			};
			buildConfigurationList = 58BDDC781BFC8AB00033E937 /* Build configuration list for PBXProject "HalfModalContainerController" */;
			compatibilityVersion = "Xcode 3.2";
			developmentRegion = English;
			hasScannedForEncodings = 0;
			knownRegions = (
				en,
				Base,
			);
			mainGroup = 58BDDC741BFC8AB00033E937;
			productRefGroup = 58BDDC7E1BFC8AB00033E937 /* Products */;
			projectDirPath = "";
			projectRoot = "";
			targets = (
				58BDDC7C1BFC8AB00033E937 /* HalfModalContainerController */,
			);
		};
/* End PBXProject section */

/* Begin PBXResourcesBuildPhase section */
		58BDDC7B1BFC8AB00033E937 /* Resources */ = {
			isa = PBXResourcesBuildPhase;
			buildActionMask = 2147483647;
			files = (
				58BDDC901BFC8AB00033E937 /* LaunchScreen.storyboard in Resources */,
				58BDDC8D1BFC8AB00033E937 /* Assets.xcassets in Resources */,
				58BDDC8B1BFC8AB00033E937 /* Main.storyboard in Resources */,
			);
			runOnlyForDeploymentPostprocessing = 0;
		};
/* End PBXResourcesBuildPhase section */

/* Begin PBXShellScriptBuildPhase section */
		1CEE148050F26F82877EB822 /* Copy Pods Resources */ = {
			isa = PBXShellScriptBuildPhase;
			buildActionMask = 2147483647;
			files = (
			);
			inputPaths = (
			);
			name = "Copy Pods Resources";
			outputPaths = (
			);
			runOnlyForDeploymentPostprocessing = 0;
			shellPath = /bin/sh;
			shellScript = "\"${SRCROOT}/Pods/Target Support Files/Pods-HalfModalContainerController/Pods-HalfModalContainerController-resources.sh\"\n";
			showEnvVarsInLog = 0;
		};
		9287AEC6F094956383E57984 /* Check Pods Manifest.lock */ = {
			isa = PBXShellScriptBuildPhase;
			buildActionMask = 2147483647;
			files = (
			);
			inputPaths = (
			);
			name = "Check Pods Manifest.lock";
			outputPaths = (
			);
			runOnlyForDeploymentPostprocessing = 0;
			shellPath = /bin/sh;
			shellScript = "diff \"${PODS_ROOT}/../Podfile.lock\" \"${PODS_ROOT}/Manifest.lock\" > /dev/null\nif [[ $? != 0 ]] ; then\n    cat << EOM\nerror: The sandbox is not in sync with the Podfile.lock. Run 'pod install' or update your CocoaPods installation.\nEOM\n    exit 1\nfi\n";
			showEnvVarsInLog = 0;
		};
		E871E54FEB6C0A0BD2F32FFF /* Embed Pods Frameworks */ = {
			isa = PBXShellScriptBuildPhase;
			buildActionMask = 2147483647;
			files = (
			);
			inputPaths = (
			);
			name = "Embed Pods Frameworks";
			outputPaths = (
			);
			runOnlyForDeploymentPostprocessing = 0;
			shellPath = /bin/sh;
			shellScript = "\"${SRCROOT}/Pods/Target Support Files/Pods-HalfModalContainerController/Pods-HalfModalContainerController-frameworks.sh\"\n";
			showEnvVarsInLog = 0;
		};
/* End PBXShellScriptBuildPhase section */

/* Begin PBXSourcesBuildPhase section */
		58BDDC791BFC8AB00033E937 /* Sources */ = {
			isa = PBXSourcesBuildPhase;
			buildActionMask = 2147483647;
			files = (
				58BDDC991BFC8AB90033E937 /* HalfModalContainerController.m in Sources */,
				58BDDCA21BFC8D6B0033E937 /* HalfModalPresentationAnimator.m in Sources */,
				58BDDC9F1BFC8D2F0033E937 /* HalfModalPresentationController.m in Sources */,
				58BDDC881BFC8AB00033E937 /* ViewController.m in Sources */,
				58BDDC851BFC8AB00033E937 /* AppDelegate.m in Sources */,
				58BDDC821BFC8AB00033E937 /* main.m in Sources */,
			);
			runOnlyForDeploymentPostprocessing = 0;
		};
/* End PBXSourcesBuildPhase section */

/* Begin PBXVariantGroup section */
		58BDDC891BFC8AB00033E937 /* Main.storyboard */ = {
			isa = PBXVariantGroup;
			children = (
				58BDDC8A1BFC8AB00033E937 /* Base */,
			);
			name = Main.storyboard;
			sourceTree = "<group>";
		};
		58BDDC8E1BFC8AB00033E937 /* LaunchScreen.storyboard */ = {
			isa = PBXVariantGroup;
			children = (
				58BDDC8F1BFC8AB00033E937 /* Base */,
			);
			name = LaunchScreen.storyboard;
			sourceTree = "<group>";
		};
/* End PBXVariantGroup section */

/* Begin XCBuildConfiguration section */
		58BDDC921BFC8AB00033E937 /* Debug */ = {
			isa = XCBuildConfiguration;
			buildSettings = {
				ALWAYS_SEARCH_USER_PATHS = NO;
				CLANG_CXX_LANGUAGE_STANDARD = "gnu++0x";
				CLANG_CXX_LIBRARY = "libc++";
				CLANG_ENABLE_MODULES = YES;
				CLANG_ENABLE_OBJC_ARC = YES;
				CLANG_WARN_BOOL_CONVERSION = YES;
				CLANG_WARN_CONSTANT_CONVERSION = YES;
				CLANG_WARN_DIRECT_OBJC_ISA_USAGE = YES_ERROR;
				CLANG_WARN_EMPTY_BODY = YES;
				CLANG_WARN_ENUM_CONVERSION = YES;
				CLANG_WARN_INT_CONVERSION = YES;
				CLANG_WARN_OBJC_ROOT_CLASS = YES_ERROR;
				CLANG_WARN_UNREACHABLE_CODE = YES;
				CLANG_WARN__DUPLICATE_METHOD_MATCH = YES;
				"CODE_SIGN_IDENTITY[sdk=iphoneos*]" = "iPhone Developer";
				COPY_PHASE_STRIP = NO;
				DEBUG_INFORMATION_FORMAT = dwarf;
				ENABLE_STRICT_OBJC_MSGSEND = YES;
				ENABLE_TESTABILITY = YES;
				GCC_C_LANGUAGE_STANDARD = gnu99;
				GCC_DYNAMIC_NO_PIC = NO;
				GCC_NO_COMMON_BLOCKS = YES;
				GCC_OPTIMIZATION_LEVEL = 0;
				GCC_PREPROCESSOR_DEFINITIONS = (
					"DEBUG=1",
					"$(inherited)",
				);
				GCC_WARN_64_TO_32_BIT_CONVERSION = YES;
				GCC_WARN_ABOUT_RETURN_TYPE = YES_ERROR;
				GCC_WARN_UNDECLARED_SELECTOR = YES;
				GCC_WARN_UNINITIALIZED_AUTOS = YES_AGGRESSIVE;
				GCC_WARN_UNUSED_FUNCTION = YES;
				GCC_WARN_UNUSED_VARIABLE = YES;
				IPHONEOS_DEPLOYMENT_TARGET = 9.1;
				MTL_ENABLE_DEBUG_INFO = YES;
				ONLY_ACTIVE_ARCH = YES;
				SDKROOT = iphoneos;
			};
			name = Debug;
		};
		58BDDC931BFC8AB00033E937 /* Release */ = {
			isa = XCBuildConfiguration;
			buildSettings = {
				ALWAYS_SEARCH_USER_PATHS = NO;
				CLANG_CXX_LANGUAGE_STANDARD = "gnu++0x";
				CLANG_CXX_LIBRARY = "libc++";
				CLANG_ENABLE_MODULES = YES;
				CLANG_ENABLE_OBJC_ARC = YES;
				CLANG_WARN_BOOL_CONVERSION = YES;
				CLANG_WARN_CONSTANT_CONVERSION = YES;
				CLANG_WARN_DIRECT_OBJC_ISA_USAGE = YES_ERROR;
				CLANG_WARN_EMPTY_BODY = YES;
				CLANG_WARN_ENUM_CONVERSION = YES;
				CLANG_WARN_INT_CONVERSION = YES;
				CLANG_WARN_OBJC_ROOT_CLASS = YES_ERROR;
				CLANG_WARN_UNREACHABLE_CODE = YES;
				CLANG_WARN__DUPLICATE_METHOD_MATCH = YES;
				"CODE_SIGN_IDENTITY[sdk=iphoneos*]" = "iPhone Developer";
				COPY_PHASE_STRIP = NO;
				DEBUG_INFORMATION_FORMAT = "dwarf-with-dsym";
				ENABLE_NS_ASSERTIONS = NO;
				ENABLE_STRICT_OBJC_MSGSEND = YES;
				GCC_C_LANGUAGE_STANDARD = gnu99;
				GCC_NO_COMMON_BLOCKS = YES;
				GCC_WARN_64_TO_32_BIT_CONVERSION = YES;
				GCC_WARN_ABOUT_RETURN_TYPE = YES_ERROR;
				GCC_WARN_UNDECLARED_SELECTOR = YES;
				GCC_WARN_UNINITIALIZED_AUTOS = YES_AGGRESSIVE;
				GCC_WARN_UNUSED_FUNCTION = YES;
				GCC_WARN_UNUSED_VARIABLE = YES;
				IPHONEOS_DEPLOYMENT_TARGET = 9.1;
				MTL_ENABLE_DEBUG_INFO = NO;
				SDKROOT = iphoneos;
				VALIDATE_PRODUCT = YES;
			};
			name = Release;
		};
		58BDDC951BFC8AB00033E937 /* Debug */ = {
			isa = XCBuildConfiguration;
			baseConfigurationReference = FAA54D9402587148FFBC3C8F /* Pods-HalfModalContainerController.debug.xcconfig */;
			buildSettings = {
				ASSETCATALOG_COMPILER_APPICON_NAME = AppIcon;
				CODE_SIGN_IDENTITY = "iPhone Developer";
				"CODE_SIGN_IDENTITY[sdk=iphoneos*]" = "iPhone Developer";
				INFOPLIST_FILE = HalfModalContainerController/Info.plist;
				LD_RUNPATH_SEARCH_PATHS = "$(inherited) @executable_path/Frameworks";
				PRODUCT_BUNDLE_IDENTIFIER = ru.codeispoetry.HalfModalContainerController;
				PRODUCT_NAME = "$(TARGET_NAME)";
				PROVISIONING_PROFILE = "";
			};
			name = Debug;
		};
		58BDDC961BFC8AB00033E937 /* Release */ = {
			isa = XCBuildConfiguration;
			baseConfigurationReference = 24718DCCEA47E459199E7178 /* Pods-HalfModalContainerController.release.xcconfig */;
			buildSettings = {
				ASSETCATALOG_COMPILER_APPICON_NAME = AppIcon;
				CODE_SIGN_IDENTITY = "iPhone Developer";
				"CODE_SIGN_IDENTITY[sdk=iphoneos*]" = "iPhone Developer";
				INFOPLIST_FILE = HalfModalContainerController/Info.plist;
				LD_RUNPATH_SEARCH_PATHS = "$(inherited) @executable_path/Frameworks";
				PRODUCT_BUNDLE_IDENTIFIER = ru.codeispoetry.HalfModalContainerController;
				PRODUCT_NAME = "$(TARGET_NAME)";
				PROVISIONING_PROFILE = "";
			};
			name = Release;
		};
/* End XCBuildConfiguration section */

/* Begin XCConfigurationList section */
		58BDDC781BFC8AB00033E937 /* Build configuration list for PBXProject "HalfModalContainerController" */ = {
			isa = XCConfigurationList;
			buildConfigurations = (
				58BDDC921BFC8AB00033E937 /* Debug */,
				58BDDC931BFC8AB00033E937 /* Release */,
			);
			defaultConfigurationIsVisible = 0;
			defaultConfigurationName = Release;
		};
		58BDDC941BFC8AB00033E937 /* Build configuration list for PBXNativeTarget "HalfModalContainerController" */ = {
			isa = XCConfigurationList;
			buildConfigurations = (
				58BDDC951BFC8AB00033E937 /* Debug */,
				58BDDC961BFC8AB00033E937 /* Release */,
			);
			defaultConfigurationIsVisible = 0;
			defaultConfigurationName = Release;
		};
/* End XCConfigurationList section */
	};
	rootObject = 58BDDC751BFC8AB00033E937 /* Project object */;
}
